// !$*UTF8*$!
{
	archiveVersion = 1;
	classes = {
	};
	objectVersion = 46;
	objects = {

/* Begin PBXBuildFile section */
		EF3ECD8E1F35AB09000A258E /* ParseClient.swift in Sources */ = {isa = PBXBuildFile; fileRef = EF3ECD8D1F35AB09000A258E /* ParseClient.swift */; };
		EF3ECD901F35ABB5000A258E /* ParseConfig.swift in Sources */ = {isa = PBXBuildFile; fileRef = EF3ECD8F1F35ABB5000A258E /* ParseConfig.swift */; };
		EF3ECD921F364105000A258E /* ParseConstants.swift in Sources */ = {isa = PBXBuildFile; fileRef = EF3ECD911F364105000A258E /* ParseConstants.swift */; };
		EF3ECD941F36DFDE000A258E /* ParseStudent.swift in Sources */ = {isa = PBXBuildFile; fileRef = EF3ECD931F36DFDE000A258E /* ParseStudent.swift */; };
		EF3ECD981F36E514000A258E /* InfoPostingViewController.swift in Sources */ = {isa = PBXBuildFile; fileRef = EF3ECD971F36E514000A258E /* InfoPostingViewController.swift */; };
		EF3ECD9A1F36EA89000A258E /* StudentsTabBarController.swift in Sources */ = {isa = PBXBuildFile; fileRef = EF3ECD991F36EA89000A258E /* StudentsTabBarController.swift */; };
		EF4777DB1F3AA3E6008671EF /* UdacityConstants.swift in Sources */ = {isa = PBXBuildFile; fileRef = EF4777DA1F3AA3E6008671EF /* UdacityConstants.swift */; };
		EF4777DD1F3BB052008671EF /* UdacityClient.swift in Sources */ = {isa = PBXBuildFile; fileRef = EF4777DC1F3BB052008671EF /* UdacityClient.swift */; };
		EF4777E11F3BE7BB008671EF /* UdacityConvenience.swift in Sources */ = {isa = PBXBuildFile; fileRef = EF4777E01F3BE7BB008671EF /* UdacityConvenience.swift */; };
		EF4777E31F411787008671EF /* ParseConvenience.swift in Sources */ = {isa = PBXBuildFile; fileRef = EF4777E21F411787008671EF /* ParseConvenience.swift */; };
		EF9D4C571F2E9A3B00ECC6A5 /* AppDelegate.swift in Sources */ = {isa = PBXBuildFile; fileRef = EF9D4C561F2E9A3B00ECC6A5 /* AppDelegate.swift */; };
		EF9D4C591F2E9A3B00ECC6A5 /* LoginViewController.swift in Sources */ = {isa = PBXBuildFile; fileRef = EF9D4C581F2E9A3B00ECC6A5 /* LoginViewController.swift */; };
		EF9D4C5C1F2E9A3B00ECC6A5 /* Main.storyboard in Resources */ = {isa = PBXBuildFile; fileRef = EF9D4C5A1F2E9A3B00ECC6A5 /* Main.storyboard */; };
		EF9D4C5E1F2E9A3B00ECC6A5 /* Assets.xcassets in Resources */ = {isa = PBXBuildFile; fileRef = EF9D4C5D1F2E9A3B00ECC6A5 /* Assets.xcassets */; };
		EF9D4C611F2E9A3B00ECC6A5 /* LaunchScreen.storyboard in Resources */ = {isa = PBXBuildFile; fileRef = EF9D4C5F1F2E9A3B00ECC6A5 /* LaunchScreen.storyboard */; };
		EF9D4C711F2E9B5500ECC6A5 /* GCDBlackBox.swift in Sources */ = {isa = PBXBuildFile; fileRef = EF9D4C701F2E9B5500ECC6A5 /* GCDBlackBox.swift */; };
		EF9D4C731F2EB91100ECC6A5 /* MapViewController.swift in Sources */ = {isa = PBXBuildFile; fileRef = EF9D4C721F2EB91100ECC6A5 /* MapViewController.swift */; };
		EF9D4C751F2EB95800ECC6A5 /* ListViewController.swift in Sources */ = {isa = PBXBuildFile; fileRef = EF9D4C741F2EB95800ECC6A5 /* ListViewController.swift */; };
		EFDE500F1F319A9D009014AE /* BorderedButton.swift in Sources */ = {isa = PBXBuildFile; fileRef = EFDE500E1F319A9D009014AE /* BorderedButton.swift */; };
/* End PBXBuildFile section */

/* Begin PBXFileReference section */
		EF3ECD8D1F35AB09000A258E /* ParseClient.swift */ = {isa = PBXFileReference; fileEncoding = 4; lastKnownFileType = sourcecode.swift; path = ParseClient.swift; sourceTree = "<group>"; };
		EF3ECD8F1F35ABB5000A258E /* ParseConfig.swift */ = {isa = PBXFileReference; fileEncoding = 4; lastKnownFileType = sourcecode.swift; path = ParseConfig.swift; sourceTree = "<group>"; };
		EF3ECD911F364105000A258E /* ParseConstants.swift */ = {isa = PBXFileReference; fileEncoding = 4; lastKnownFileType = sourcecode.swift; path = ParseConstants.swift; sourceTree = "<group>"; };
		EF3ECD931F36DFDE000A258E /* ParseStudent.swift */ = {isa = PBXFileReference; fileEncoding = 4; lastKnownFileType = sourcecode.swift; path = ParseStudent.swift; sourceTree = "<group>"; };
		EF3ECD971F36E514000A258E /* InfoPostingViewController.swift */ = {isa = PBXFileReference; fileEncoding = 4; lastKnownFileType = sourcecode.swift; path = InfoPostingViewController.swift; sourceTree = "<group>"; };
		EF3ECD991F36EA89000A258E /* StudentsTabBarController.swift */ = {isa = PBXFileReference; fileEncoding = 4; lastKnownFileType = sourcecode.swift; path = StudentsTabBarController.swift; sourceTree = "<group>"; };
		EF4777DA1F3AA3E6008671EF /* UdacityConstants.swift */ = {isa = PBXFileReference; fileEncoding = 4; lastKnownFileType = sourcecode.swift; path = UdacityConstants.swift; sourceTree = "<group>"; };
		EF4777DC1F3BB052008671EF /* UdacityClient.swift */ = {isa = PBXFileReference; fileEncoding = 4; lastKnownFileType = sourcecode.swift; path = UdacityClient.swift; sourceTree = "<group>"; };
		EF4777E01F3BE7BB008671EF /* UdacityConvenience.swift */ = {isa = PBXFileReference; fileEncoding = 4; lastKnownFileType = sourcecode.swift; path = UdacityConvenience.swift; sourceTree = "<group>"; };
		EF4777E21F411787008671EF /* ParseConvenience.swift */ = {isa = PBXFileReference; fileEncoding = 4; lastKnownFileType = sourcecode.swift; path = ParseConvenience.swift; sourceTree = "<group>"; };
		EF9D4C531F2E9A3B00ECC6A5 /* OnTheMap.app */ = {isa = PBXFileReference; explicitFileType = wrapper.application; includeInIndex = 0; path = OnTheMap.app; sourceTree = BUILT_PRODUCTS_DIR; };
		EF9D4C561F2E9A3B00ECC6A5 /* AppDelegate.swift */ = {isa = PBXFileReference; lastKnownFileType = sourcecode.swift; path = AppDelegate.swift; sourceTree = "<group>"; };
		EF9D4C581F2E9A3B00ECC6A5 /* LoginViewController.swift */ = {isa = PBXFileReference; lastKnownFileType = sourcecode.swift; path = LoginViewController.swift; sourceTree = "<group>"; };
		EF9D4C5B1F2E9A3B00ECC6A5 /* Base */ = {isa = PBXFileReference; lastKnownFileType = file.storyboard; name = Base; path = Base.lproj/Main.storyboard; sourceTree = "<group>"; };
		EF9D4C5D1F2E9A3B00ECC6A5 /* Assets.xcassets */ = {isa = PBXFileReference; lastKnownFileType = folder.assetcatalog; path = Assets.xcassets; sourceTree = "<group>"; };
		EF9D4C601F2E9A3B00ECC6A5 /* Base */ = {isa = PBXFileReference; lastKnownFileType = file.storyboard; name = Base; path = Base.lproj/LaunchScreen.storyboard; sourceTree = "<group>"; };
		EF9D4C621F2E9A3B00ECC6A5 /* Info.plist */ = {isa = PBXFileReference; lastKnownFileType = text.plist.xml; path = Info.plist; sourceTree = "<group>"; };
		EF9D4C701F2E9B5500ECC6A5 /* GCDBlackBox.swift */ = {isa = PBXFileReference; fileEncoding = 4; lastKnownFileType = sourcecode.swift; path = GCDBlackBox.swift; sourceTree = "<group>"; };
		EF9D4C721F2EB91100ECC6A5 /* MapViewController.swift */ = {isa = PBXFileReference; fileEncoding = 4; lastKnownFileType = sourcecode.swift; path = MapViewController.swift; sourceTree = "<group>"; };
		EF9D4C741F2EB95800ECC6A5 /* ListViewController.swift */ = {isa = PBXFileReference; fileEncoding = 4; lastKnownFileType = sourcecode.swift; path = ListViewController.swift; sourceTree = "<group>"; };
		EFDE500E1F319A9D009014AE /* BorderedButton.swift */ = {isa = PBXFileReference; fileEncoding = 4; lastKnownFileType = sourcecode.swift; path = BorderedButton.swift; sourceTree = "<group>"; };
/* End PBXFileReference section */

/* Begin PBXFrameworksBuildPhase section */
		EF9D4C501F2E9A3B00ECC6A5 /* Frameworks */ = {
			isa = PBXFrameworksBuildPhase;
			buildActionMask = 2147483647;
			files = (
			);
			runOnlyForDeploymentPostprocessing = 0;
		};
/* End PBXFrameworksBuildPhase section */

/* Begin PBXGroup section */
		EF9D4C4A1F2E9A3B00ECC6A5 = {
			isa = PBXGroup;
			children = (
				EF9D4C551F2E9A3B00ECC6A5 /* OnTheMap */,
				EF9D4C541F2E9A3B00ECC6A5 /* Products */,
			);
			sourceTree = "<group>";
		};
		EF9D4C541F2E9A3B00ECC6A5 /* Products */ = {
			isa = PBXGroup;
			children = (
				EF9D4C531F2E9A3B00ECC6A5 /* OnTheMap.app */,
			);
			name = Products;
			sourceTree = "<group>";
		};
		EF9D4C551F2E9A3B00ECC6A5 /* OnTheMap */ = {
			isa = PBXGroup;
			children = (
				EF9D4C561F2E9A3B00ECC6A5 /* AppDelegate.swift */,
				EF9D4C701F2E9B5500ECC6A5 /* GCDBlackBox.swift */,
				EF9D4C681F2E9A8600ECC6A5 /* Model */,
				EF9D4C6C1F2E9ABD00ECC6A5 /* View */,
				EF9D4C6D1F2E9AC500ECC6A5 /* Controller */,
				EF9D4C6E1F2E9AD800ECC6A5 /* Assets */,
				EF9D4C6F1F2E9AE500ECC6A5 /* Supporting Files */,
			);
			path = OnTheMap;
			sourceTree = "<group>";
		};
		EF9D4C681F2E9A8600ECC6A5 /* Model */ = {
			isa = PBXGroup;
			children = (
				EF9D4C691F2E9A9B00ECC6A5 /* Clients */,
			);
			name = Model;
			sourceTree = "<group>";
		};
		EF9D4C691F2E9A9B00ECC6A5 /* Clients */ = {
			isa = PBXGroup;
			children = (
				EF9D4C6A1F2E9AA700ECC6A5 /* Parse */,
				EF9D4C6B1F2E9AB200ECC6A5 /* Udacity */,
			);
			name = Clients;
			sourceTree = "<group>";
		};
		EF9D4C6A1F2E9AA700ECC6A5 /* Parse */ = {
			isa = PBXGroup;
			children = (
				EF3ECD8D1F35AB09000A258E /* ParseClient.swift */,
				EF3ECD8F1F35ABB5000A258E /* ParseConfig.swift */,
				EF3ECD911F364105000A258E /* ParseConstants.swift */,
				EF4777E21F411787008671EF /* ParseConvenience.swift */,
				EF3ECD931F36DFDE000A258E /* ParseStudent.swift */,
			);
			name = Parse;
			sourceTree = "<group>";
		};
		EF9D4C6B1F2E9AB200ECC6A5 /* Udacity */ = {
			isa = PBXGroup;
			children = (
				EF4777DC1F3BB052008671EF /* UdacityClient.swift */,
				EF4777DA1F3AA3E6008671EF /* UdacityConstants.swift */,
				EF4777E01F3BE7BB008671EF /* UdacityConvenience.swift */,
			);
			name = Udacity;
			sourceTree = "<group>";
		};
		EF9D4C6C1F2E9ABD00ECC6A5 /* View */ = {
			isa = PBXGroup;
			children = (
				EFDE500E1F319A9D009014AE /* BorderedButton.swift */,
			);
			name = View;
			sourceTree = "<group>";
		};
		EF9D4C6D1F2E9AC500ECC6A5 /* Controller */ = {
			isa = PBXGroup;
			children = (
				EF9D4C581F2E9A3B00ECC6A5 /* LoginViewController.swift */,
				EF9D4C721F2EB91100ECC6A5 /* MapViewController.swift */,
				EF9D4C741F2EB95800ECC6A5 /* ListViewController.swift */,
				EF3ECD971F36E514000A258E /* InfoPostingViewController.swift */,
				EF3ECD991F36EA89000A258E /* StudentsTabBarController.swift */,
			);
			name = Controller;
			sourceTree = "<group>";
		};
		EF9D4C6E1F2E9AD800ECC6A5 /* Assets */ = {
			isa = PBXGroup;
			children = (
				EF9D4C5A1F2E9A3B00ECC6A5 /* Main.storyboard */,
				EF9D4C5D1F2E9A3B00ECC6A5 /* Assets.xcassets */,
				EF9D4C5F1F2E9A3B00ECC6A5 /* LaunchScreen.storyboard */,
			);
			name = Assets;
			sourceTree = "<group>";
		};
		EF9D4C6F1F2E9AE500ECC6A5 /* Supporting Files */ = {
			isa = PBXGroup;
			children = (
				EF9D4C621F2E9A3B00ECC6A5 /* Info.plist */,
			);
			name = "Supporting Files";
			sourceTree = "<group>";
		};
/* End PBXGroup section */

/* Begin PBXNativeTarget section */
		EF9D4C521F2E9A3B00ECC6A5 /* OnTheMap */ = {
			isa = PBXNativeTarget;
			buildConfigurationList = EF9D4C651F2E9A3B00ECC6A5 /* Build configuration list for PBXNativeTarget "OnTheMap" */;
			buildPhases = (
				EF9D4C4F1F2E9A3B00ECC6A5 /* Sources */,
				EF9D4C501F2E9A3B00ECC6A5 /* Frameworks */,
				EF9D4C511F2E9A3B00ECC6A5 /* Resources */,
			);
			buildRules = (
			);
			dependencies = (
			);
			name = OnTheMap;
			productName = OnTheMap;
			productReference = EF9D4C531F2E9A3B00ECC6A5 /* OnTheMap.app */;
			productType = "com.apple.product-type.application";
		};
/* End PBXNativeTarget section */

/* Begin PBXProject section */
		EF9D4C4B1F2E9A3B00ECC6A5 /* Project object */ = {
			isa = PBXProject;
			attributes = {
				LastSwiftUpdateCheck = 0830;
				LastUpgradeCheck = 0830;
				ORGANIZATIONNAME = "Jimit Shah";
				TargetAttributes = {
					EF9D4C521F2E9A3B00ECC6A5 = {
						CreatedOnToolsVersion = 8.3.3;
						DevelopmentTeam = R98NQ2F62J;
						ProvisioningStyle = Automatic;
					};
				};
			};
			buildConfigurationList = EF9D4C4E1F2E9A3B00ECC6A5 /* Build configuration list for PBXProject "OnTheMap" */;
			compatibilityVersion = "Xcode 3.2";
			developmentRegion = English;
			hasScannedForEncodings = 0;
			knownRegions = (
				en,
				Base,
			);
			mainGroup = EF9D4C4A1F2E9A3B00ECC6A5;
			productRefGroup = EF9D4C541F2E9A3B00ECC6A5 /* Products */;
			projectDirPath = "";
			projectRoot = "";
			targets = (
				EF9D4C521F2E9A3B00ECC6A5 /* OnTheMap */,
			);
		};
/* End PBXProject section */

/* Begin PBXResourcesBuildPhase section */
		EF9D4C511F2E9A3B00ECC6A5 /* Resources */ = {
			isa = PBXResourcesBuildPhase;
			buildActionMask = 2147483647;
			files = (
				EF9D4C611F2E9A3B00ECC6A5 /* LaunchScreen.storyboard in Resources */,
				EF9D4C5E1F2E9A3B00ECC6A5 /* Assets.xcassets in Resources */,
				EF9D4C5C1F2E9A3B00ECC6A5 /* Main.storyboard in Resources */,
			);
			runOnlyForDeploymentPostprocessing = 0;
		};
/* End PBXResourcesBuildPhase section */

/* Begin PBXSourcesBuildPhase section */
		EF9D4C4F1F2E9A3B00ECC6A5 /* Sources */ = {
			isa = PBXSourcesBuildPhase;
			buildActionMask = 2147483647;
			files = (
				EF9D4C591F2E9A3B00ECC6A5 /* LoginViewController.swift in Sources */,
				EF3ECD941F36DFDE000A258E /* ParseStudent.swift in Sources */,
				EF9D4C711F2E9B5500ECC6A5 /* GCDBlackBox.swift in Sources */,
				EF4777E11F3BE7BB008671EF /* UdacityConvenience.swift in Sources */,
				EF3ECD8E1F35AB09000A258E /* ParseClient.swift in Sources */,
				EF3ECD981F36E514000A258E /* InfoPostingViewController.swift in Sources */,
				EFDE500F1F319A9D009014AE /* BorderedButton.swift in Sources */,
				EF9D4C571F2E9A3B00ECC6A5 /* AppDelegate.swift in Sources */,
				EF3ECD9A1F36EA89000A258E /* StudentsTabBarController.swift in Sources */,
				EF4777E31F411787008671EF /* ParseConvenience.swift in Sources */,
				EF3ECD921F364105000A258E /* ParseConstants.swift in Sources */,
				EF3ECD901F35ABB5000A258E /* ParseConfig.swift in Sources */,
				EF4777DB1F3AA3E6008671EF /* UdacityConstants.swift in Sources */,
				EF9D4C751F2EB95800ECC6A5 /* ListViewController.swift in Sources */,
				EF4777DD1F3BB052008671EF /* UdacityClient.swift in Sources */,
				EF9D4C731F2EB91100ECC6A5 /* MapViewController.swift in Sources */,
			);
			runOnlyForDeploymentPostprocessing = 0;
		};
/* End PBXSourcesBuildPhase section */

/* Begin PBXVariantGroup section */
		EF9D4C5A1F2E9A3B00ECC6A5 /* Main.storyboard */ = {
			isa = PBXVariantGroup;
			children = (
				EF9D4C5B1F2E9A3B00ECC6A5 /* Base */,
			);
			name = Main.storyboard;
			sourceTree = "<group>";
		};
		EF9D4C5F1F2E9A3B00ECC6A5 /* LaunchScreen.storyboard */ = {
			isa = PBXVariantGroup;
			children = (
				EF9D4C601F2E9A3B00ECC6A5 /* Base */,
			);
			name = LaunchScreen.storyboard;
			sourceTree = "<group>";
		};
/* End PBXVariantGroup section */

/* Begin XCBuildConfiguration section */
		EF9D4C631F2E9A3B00ECC6A5 /* Debug */ = {
			isa = XCBuildConfiguration;
			buildSettings = {
				ALWAYS_SEARCH_USER_PATHS = NO;
				CLANG_ANALYZER_NONNULL = YES;
				CLANG_ANALYZER_NUMBER_OBJECT_CONVERSION = YES_AGGRESSIVE;
				CLANG_CXX_LANGUAGE_STANDARD = "gnu++0x";
				CLANG_CXX_LIBRARY = "libc++";
				CLANG_ENABLE_MODULES = YES;
				CLANG_ENABLE_OBJC_ARC = YES;
				CLANG_WARN_BOOL_CONVERSION = YES;
				CLANG_WARN_CONSTANT_CONVERSION = YES;
				CLANG_WARN_DIRECT_OBJC_ISA_USAGE = YES_ERROR;
				CLANG_WARN_DOCUMENTATION_COMMENTS = YES;
				CLANG_WARN_EMPTY_BODY = YES;
				CLANG_WARN_ENUM_CONVERSION = YES;
				CLANG_WARN_INFINITE_RECURSION = YES;
				CLANG_WARN_INT_CONVERSION = YES;
				CLANG_WARN_OBJC_ROOT_CLASS = YES_ERROR;
				CLANG_WARN_SUSPICIOUS_MOVE = YES;
				CLANG_WARN_UNREACHABLE_CODE = YES;
				CLANG_WARN__DUPLICATE_METHOD_MATCH = YES;
				"CODE_SIGN_IDENTITY[sdk=iphoneos*]" = "iPhone Developer";
				COPY_PHASE_STRIP = NO;
				DEBUG_INFORMATION_FORMAT = dwarf;
				ENABLE_STRICT_OBJC_MSGSEND = YES;
				ENABLE_TESTABILITY = YES;
				GCC_C_LANGUAGE_STANDARD = gnu99;
				GCC_DYNAMIC_NO_PIC = NO;
				GCC_NO_COMMON_BLOCKS = YES;
				GCC_OPTIMIZATION_LEVEL = 0;
				GCC_PREPROCESSOR_DEFINITIONS = (
					"DEBUG=1",
					"$(inherited)",
				);
				GCC_WARN_64_TO_32_BIT_CONVERSION = YES;
				GCC_WARN_ABOUT_RETURN_TYPE = YES_ERROR;
				GCC_WARN_UNDECLARED_SELECTOR = YES;
				GCC_WARN_UNINITIALIZED_AUTOS = YES_AGGRESSIVE;
				GCC_WARN_UNUSED_FUNCTION = YES;
				GCC_WARN_UNUSED_VARIABLE = YES;
				IPHONEOS_DEPLOYMENT_TARGET = 10.3;
				MTL_ENABLE_DEBUG_INFO = YES;
				ONLY_ACTIVE_ARCH = YES;
				SDKROOT = iphoneos;
				SWIFT_ACTIVE_COMPILATION_CONDITIONS = DEBUG;
				SWIFT_OPTIMIZATION_LEVEL = "-Onone";
			};
			name = Debug;
		};
		EF9D4C641F2E9A3B00ECC6A5 /* Release */ = {
			isa = XCBuildConfiguration;
			buildSettings = {
				ALWAYS_SEARCH_USER_PATHS = NO;
				CLANG_ANALYZER_NONNULL = YES;
				CLANG_ANALYZER_NUMBER_OBJECT_CONVERSION = YES_AGGRESSIVE;
				CLANG_CXX_LANGUAGE_STANDARD = "gnu++0x";
				CLANG_CXX_LIBRARY = "libc++";
				CLANG_ENABLE_MODULES = YES;
				CLANG_ENABLE_OBJC_ARC = YES;
				CLANG_WARN_BOOL_CONVERSION = YES;
				CLANG_WARN_CONSTANT_CONVERSION = YES;
				CLANG_WARN_DIRECT_OBJC_ISA_USAGE = YES_ERROR;
				CLANG_WARN_DOCUMENTATION_COMMENTS = YES;
				CLANG_WARN_EMPTY_BODY = YES;
				CLANG_WARN_ENUM_CONVERSION = YES;
				CLANG_WARN_INFINITE_RECURSION = YES;
				CLANG_WARN_INT_CONVERSION = YES;
				CLANG_WARN_OBJC_ROOT_CLASS = YES_ERROR;
				CLANG_WARN_SUSPICIOUS_MOVE = YES;
				CLANG_WARN_UNREACHABLE_CODE = YES;
				CLANG_WARN__DUPLICATE_METHOD_MATCH = YES;
				"CODE_SIGN_IDENTITY[sdk=iphoneos*]" = "iPhone Developer";
				COPY_PHASE_STRIP = NO;
				DEBUG_INFORMATION_FORMAT = "dwarf-with-dsym";
				ENABLE_NS_ASSERTIONS = NO;
				ENABLE_STRICT_OBJC_MSGSEND = YES;
				GCC_C_LANGUAGE_STANDARD = gnu99;
				GCC_NO_COMMON_BLOCKS = YES;
				GCC_WARN_64_TO_32_BIT_CONVERSION = YES;
				GCC_WARN_ABOUT_RETURN_TYPE = YES_ERROR;
				GCC_WARN_UNDECLARED_SELECTOR = YES;
				GCC_WARN_UNINITIALIZED_AUTOS = YES_AGGRESSIVE;
				GCC_WARN_UNUSED_FUNCTION = YES;
				GCC_WARN_UNUSED_VARIABLE = YES;
				IPHONEOS_DEPLOYMENT_TARGET = 10.3;
				MTL_ENABLE_DEBUG_INFO = NO;
				SDKROOT = iphoneos;
				SWIFT_OPTIMIZATION_LEVEL = "-Owholemodule";
				VALIDATE_PRODUCT = YES;
			};
			name = Release;
		};
		EF9D4C661F2E9A3B00ECC6A5 /* Debug */ = {
			isa = XCBuildConfiguration;
			buildSettings = {
				ASSETCATALOG_COMPILER_APPICON_NAME = AppIcon;
				DEVELOPMENT_TEAM = R98NQ2F62J;
				INFOPLIST_FILE = OnTheMap/Info.plist;
				LD_RUNPATH_SEARCH_PATHS = "$(inherited) @executable_path/Frameworks";
				PRODUCT_BUNDLE_IDENTIFIER = com.jimitshah.OnTheMap;
				PRODUCT_NAME = "$(TARGET_NAME)";
				SWIFT_VERSION = 3.0;
			};
			name = Debug;
		};
		EF9D4C671F2E9A3B00ECC6A5 /* Release */ = {
			isa = XCBuildConfiguration;
			buildSettings = {
				ASSETCATALOG_COMPILER_APPICON_NAME = AppIcon;
				DEVELOPMENT_TEAM = R98NQ2F62J;
				INFOPLIST_FILE = OnTheMap/Info.plist;
				LD_RUNPATH_SEARCH_PATHS = "$(inherited) @executable_path/Frameworks";
				PRODUCT_BUNDLE_IDENTIFIER = com.jimitshah.OnTheMap;
				PRODUCT_NAME = "$(TARGET_NAME)";
				SWIFT_VERSION = 3.0;
			};
			name = Release;
		};
/* End XCBuildConfiguration section */

/* Begin XCConfigurationList section */
		EF9D4C4E1F2E9A3B00ECC6A5 /* Build configuration list for PBXProject "OnTheMap" */ = {
			isa = XCConfigurationList;
			buildConfigurations = (
				EF9D4C631F2E9A3B00ECC6A5 /* Debug */,
				EF9D4C641F2E9A3B00ECC6A5 /* Release */,
			);
			defaultConfigurationIsVisible = 0;
			defaultConfigurationName = Release;
		};
		EF9D4C651F2E9A3B00ECC6A5 /* Build configuration list for PBXNativeTarget "OnTheMap" */ = {
			isa = XCConfigurationList;
			buildConfigurations = (
				EF9D4C661F2E9A3B00ECC6A5 /* Debug */,
				EF9D4C671F2E9A3B00ECC6A5 /* Release */,
			);
			defaultConfigurationIsVisible = 0;
			defaultConfigurationName = Release;
		};
/* End XCConfigurationList section */
	};
	rootObject = EF9D4C4B1F2E9A3B00ECC6A5 /* Project object */;
}
